
Microsoft Visual Studio Solution File, Format Version 11.00
# Visual Studio 2010
Project("{FAE04EC0-301F-11D3-BF4B-00C04F79EFBC}") = "asp.net.Helloworld", "asp.net.Helloworld\asp.net.Helloworld.csproj", "{7089F876-99E2-481E-B6EF-186CE7106DC2}"
EndProject
Global
	GlobalSection(SolutionConfigurationPlatforms) = preSolution
		Debug|Any CPU = Debug|Any CPU
		Release|Any CPU = Release|Any CPU
	EndGlobalSection
	GlobalSection(ProjectConfigurationPlatforms) = postSolution
		{7089F876-99E2-481E-B6EF-186CE7106DC2}.Debug|Any CPU.ActiveCfg = Debug|Any CPU
		{7089F876-99E2-481E-B6EF-186CE7106DC2}.Debug|Any CPU.Build.0 = Debug|Any CPU
		{7089F876-99E2-481E-B6EF-186CE7106DC2}.Release|Any CPU.ActiveCfg = Release|Any CPU
		{7089F876-99E2-481E-B6EF-186CE7106DC2}.Release|Any CPU.Build.0 = Release|Any CPU
	EndGlobalSection
	GlobalSection(SolutionProperties) = preSolution
		HideSolutionNode = FALSE
	EndGlobalSection
EndGlobal
