
Microsoft Visual Studio Solution File, Format Version 11.00
# Visual Studio 2010
Project("{FAE04EC0-301F-11D3-BF4B-00C04F79EFBC}") = "asp.net.mvc.charlal1.ashokt1.IN712.DogSelector.Desktop", "asp.net.mvc.charlal1.IN712.DogSelector\asp.net.mvc.charlal1.ashokt1.IN712.DogSelector.Desktop.csproj", "{55055969-390F-486D-A0BE-A023D75C58C6}"
EndProject
Global
	GlobalSection(SolutionConfigurationPlatforms) = preSolution
		Debug|Any CPU = Debug|Any CPU
		Release|Any CPU = Release|Any CPU
	EndGlobalSection
	GlobalSection(ProjectConfigurationPlatforms) = postSolution
		{55055969-390F-486D-A0BE-A023D75C58C6}.Debug|Any CPU.ActiveCfg = Debug|Any CPU
		{55055969-390F-486D-A0BE-A023D75C58C6}.Debug|Any CPU.Build.0 = Debug|Any CPU
		{55055969-390F-486D-A0BE-A023D75C58C6}.Release|Any CPU.ActiveCfg = Release|Any CPU
		{55055969-390F-486D-A0BE-A023D75C58C6}.Release|Any CPU.Build.0 = Release|Any CPU
	EndGlobalSection
	GlobalSection(SolutionProperties) = preSolution
		HideSolutionNode = FALSE
	EndGlobalSection
EndGlobal
